// !$*UTF8*$!
{
	archiveVersion = 1;
	classes = {
	};
	objectVersion = 50;
	objects = {

/* Begin PBXBuildFile section */
		A717BF7221A2E7CA001F3FDD /* SWIFTVIPERDataProvider.swift in Sources */ = {isa = PBXBuildFile; fileRef = A717BF7121A2E7CA001F3FDD /* SWIFTVIPERDataProvider.swift */; };
		A717BF7421A2E7FE001F3FDD /* SWIFTVIPERDataOutput.swift in Sources */ = {isa = PBXBuildFile; fileRef = A717BF7321A2E7FE001F3FDD /* SWIFTVIPERDataOutput.swift */; };
		A717BF7621A2E83C001F3FDD /* SWIFTVIPERViewEventHandler.swift in Sources */ = {isa = PBXBuildFile; fileRef = A717BF7521A2E83C001F3FDD /* SWIFTVIPERViewEventHandler.swift */; };
		A76EF929219EFC9F000A2D32 /* VIPERViewController.m in Sources */ = {isa = PBXBuildFile; fileRef = A76EF928219EFC9F000A2D32 /* VIPERViewController.m */; };
		A76EF92C219F00D5000A2D32 /* MVVMViewController.m in Sources */ = {isa = PBXBuildFile; fileRef = A76EF92A219F00D5000A2D32 /* MVVMViewController.m */; };
		A76EF92F219F00FC000A2D32 /* MVPViewController.m in Sources */ = {isa = PBXBuildFile; fileRef = A76EF92D219F00FB000A2D32 /* MVPViewController.m */; };
		C86D01EB219929C700D802A3 /* AppDelegate.m in Sources */ = {isa = PBXBuildFile; fileRef = C86D01EA219929C700D802A3 /* AppDelegate.m */; };
		C86D01EE219929C700D802A3 /* ViewController.m in Sources */ = {isa = PBXBuildFile; fileRef = C86D01ED219929C700D802A3 /* ViewController.m */; };
		C86D01F1219929C700D802A3 /* Main.storyboard in Resources */ = {isa = PBXBuildFile; fileRef = C86D01EF219929C700D802A3 /* Main.storyboard */; };
		C86D01F3219929C900D802A3 /* Assets.xcassets in Resources */ = {isa = PBXBuildFile; fileRef = C86D01F2219929C900D802A3 /* Assets.xcassets */; };
		C86D01F6219929C900D802A3 /* LaunchScreen.storyboard in Resources */ = {isa = PBXBuildFile; fileRef = C86D01F4219929C900D802A3 /* LaunchScreen.storyboard */; };
		C86D01F9219929C900D802A3 /* main.m in Sources */ = {isa = PBXBuildFile; fileRef = C86D01F8219929C900D802A3 /* main.m */; };
		C86D0203219929C900D802A3 /* ______Tests.m in Sources */ = {isa = PBXBuildFile; fileRef = C86D0202219929C900D802A3 /* ______Tests.m */; };
		C86D020E219929C900D802A3 /* ______UITests.m in Sources */ = {isa = PBXBuildFile; fileRef = C86D020D219929C900D802A3 /* ______UITests.m */; };
		C86D022721992CCF00D802A3 /* CocoaMVCViewController.m in Sources */ = {isa = PBXBuildFile; fileRef = C86D022621992CCF00D802A3 /* CocoaMVCViewController.m */; };
		C86D022A21992D4900D802A3 /* CocoaMVCAnimal.h.m in Sources */ = {isa = PBXBuildFile; fileRef = C86D022921992D4900D802A3 /* CocoaMVCAnimal.h.m */; };
		C86D022D21992EFA00D802A3 /* CocoaMVCAnimalDetailView.m in Sources */ = {isa = PBXBuildFile; fileRef = C86D022C21992EFA00D802A3 /* CocoaMVCAnimalDetailView.m */; };
		C86D024421995EB100D802A3 /* MVPAnimal.m in Sources */ = {isa = PBXBuildFile; fileRef = C86D023D21995EB100D802A3 /* MVPAnimal.m */; };
		C86D024521995EB100D802A3 /* MVPView.m in Sources */ = {isa = PBXBuildFile; fileRef = C86D024021995EB100D802A3 /* MVPView.m */; };
		C86D024921995F7E00D802A3 /* MVPAnimalPresenter.m in Sources */ = {isa = PBXBuildFile; fileRef = C86D024821995F7E00D802A3 /* MVPAnimalPresenter.m */; };
		C86D02562199682900D802A3 /* MVVMView.m in Sources */ = {isa = PBXBuildFile; fileRef = C86D024C2199682800D802A3 /* MVVMView.m */; };
		C86D02572199682900D802A3 /* MVVMAnimalViewModel.m in Sources */ = {isa = PBXBuildFile; fileRef = C86D024F2199682800D802A3 /* MVVMAnimalViewModel.m */; };
		C86D02592199682900D802A3 /* MVVMAnimal.m in Sources */ = {isa = PBXBuildFile; fileRef = C86D02552199682800D802A3 /* MVVMAnimal.m */; };
		C878E587219ACE8C00B2B941 /* VIPERView.m in Sources */ = {isa = PBXBuildFile; fileRef = C878E586219ACE8C00B2B941 /* VIPERView.m */; };
		C878E58A219ACEA700B2B941 /* VIPERInteractor.m in Sources */ = {isa = PBXBuildFile; fileRef = C878E589219ACEA700B2B941 /* VIPERInteractor.m */; };
		C878E58D219ACEBB00B2B941 /* VIPERPresenter.m in Sources */ = {isa = PBXBuildFile; fileRef = C878E58C219ACEBB00B2B941 /* VIPERPresenter.m */; };
		C878E590219ACEE600B2B941 /* VIPERAnimal.m in Sources */ = {isa = PBXBuildFile; fileRef = C878E58F219ACEE600B2B941 /* VIPERAnimal.m */; };
		C878E593219ACEFC00B2B941 /* VIPERRouter.m in Sources */ = {isa = PBXBuildFile; fileRef = C878E592219ACEFC00B2B941 /* VIPERRouter.m */; };
		C8C9D4B221A2A3CC007E910E /* SWIFTMVCAnimal.swift in Sources */ = {isa = PBXBuildFile; fileRef = C8C9D4B121A2A3CC007E910E /* SWIFTMVCAnimal.swift */; };
		C8C9D4B421A2A445007E910E /* SWIFTMVCView.swift in Sources */ = {isa = PBXBuildFile; fileRef = C8C9D4B321A2A445007E910E /* SWIFTMVCView.swift */; };
		C8C9D4B621A2A46F007E910E /* SWIFTMVCViewController.swift in Sources */ = {isa = PBXBuildFile; fileRef = C8C9D4B521A2A46F007E910E /* SWIFTMVCViewController.swift */; };
		C8C9D4BF21A2AA73007E910E /* SWIFTMVVMAnimal.swift in Sources */ = {isa = PBXBuildFile; fileRef = C8C9D4BE21A2AA73007E910E /* SWIFTMVVMAnimal.swift */; };
		C8C9D4C121A2AA87007E910E /* SWIFTMVVMView.swift in Sources */ = {isa = PBXBuildFile; fileRef = C8C9D4C021A2AA87007E910E /* SWIFTMVVMView.swift */; };
		C8C9D4C321A2AAB0007E910E /* SWIFTMVVMViewController.swift in Sources */ = {isa = PBXBuildFile; fileRef = C8C9D4C221A2AAB0007E910E /* SWIFTMVVMViewController.swift */; };
		C8C9D4C521A2AAD1007E910E /* SWIFTMVVMViewModel.swift in Sources */ = {isa = PBXBuildFile; fileRef = C8C9D4C421A2AAD1007E910E /* SWIFTMVVMViewModel.swift */; };
		C8C9D4CB21A2B84E007E910E /* SWIFTMVPAnimal.swift in Sources */ = {isa = PBXBuildFile; fileRef = C8C9D4CA21A2B84E007E910E /* SWIFTMVPAnimal.swift */; };
		C8C9D4CD21A2B85E007E910E /* SWIFTMVPView.swift in Sources */ = {isa = PBXBuildFile; fileRef = C8C9D4CC21A2B85E007E910E /* SWIFTMVPView.swift */; };
		C8C9D4CF21A2B867007E910E /* SWIFTMVPViewController.swift in Sources */ = {isa = PBXBuildFile; fileRef = C8C9D4CE21A2B867007E910E /* SWIFTMVPViewController.swift */; };
		C8C9D4D121A2B885007E910E /* SWIFTMVPPresenter.swift in Sources */ = {isa = PBXBuildFile; fileRef = C8C9D4D021A2B885007E910E /* SWIFTMVPPresenter.swift */; };
		C8C9D4D921A2C08E007E910E /* SWIFTVIPERView.swift in Sources */ = {isa = PBXBuildFile; fileRef = C8C9D4D821A2C08E007E910E /* SWIFTVIPERView.swift */; };
		C8C9D4DB21A2C0A1007E910E /* SWIFTVIPERViewController.swift in Sources */ = {isa = PBXBuildFile; fileRef = C8C9D4DA21A2C0A1007E910E /* SWIFTVIPERViewController.swift */; };
		C8C9D4DD21A2C0C6007E910E /* SWIFTVIPERInteractor.swift in Sources */ = {isa = PBXBuildFile; fileRef = C8C9D4DC21A2C0C6007E910E /* SWIFTVIPERInteractor.swift */; };
		C8C9D4DF21A2C0E5007E910E /* SWIFTVIPERPresenter.swift in Sources */ = {isa = PBXBuildFile; fileRef = C8C9D4DE21A2C0E5007E910E /* SWIFTVIPERPresenter.swift */; };
		C8C9D4E121A2C0FB007E910E /* SWIFTVIPERAnimal.swift in Sources */ = {isa = PBXBuildFile; fileRef = C8C9D4E021A2C0FB007E910E /* SWIFTVIPERAnimal.swift */; };
		C8C9D4E321A2C10E007E910E /* SWIFTVIPERRouter.swift in Sources */ = {isa = PBXBuildFile; fileRef = C8C9D4E221A2C10E007E910E /* SWIFTVIPERRouter.swift */; };
		C8D7CB5521A26B8700588FA7 /* MVCViewController.m in Sources */ = {isa = PBXBuildFile; fileRef = C8D7CB4E21A26B8700588FA7 /* MVCViewController.m */; };
		C8D7CB5621A26B8700588FA7 /* MVCAnimal.m in Sources */ = {isa = PBXBuildFile; fileRef = C8D7CB5121A26B8700588FA7 /* MVCAnimal.m */; };
		C8D7CB5721A26B8700588FA7 /* MVCAnimalDetailView.m in Sources */ = {isa = PBXBuildFile; fileRef = C8D7CB5421A26B8700588FA7 /* MVCAnimalDetailView.m */; };
		C8D7CB6121A26DE900588FA7 /* SWIFTCocoaMVCAnimal.swift in Sources */ = {isa = PBXBuildFile; fileRef = C8D7CB6021A26DE900588FA7 /* SWIFTCocoaMVCAnimal.swift */; };
		C8D7CB6321A26E1200588FA7 /* SWIFTCocoaMVCView.swift in Sources */ = {isa = PBXBuildFile; fileRef = C8D7CB6221A26E1200588FA7 /* SWIFTCocoaMVCView.swift */; };
		C8D7CB6521A26E7700588FA7 /* SWIFTCocoaMVCViewController.swift in Sources */ = {isa = PBXBuildFile; fileRef = C8D7CB6421A26E7700588FA7 /* SWIFTCocoaMVCViewController.swift */; };
/* End PBXBuildFile section */

/* Begin PBXContainerItemProxy section */
		C86D01FF219929C900D802A3 /* PBXContainerItemProxy */ = {
			isa = PBXContainerItemProxy;
			containerPortal = C86D01DE219929C700D802A3 /* Project object */;
			proxyType = 1;
			remoteGlobalIDString = C86D01E5219929C700D802A3;
			remoteInfo = "架构模式学习";
		};
		C86D020A219929C900D802A3 /* PBXContainerItemProxy */ = {
			isa = PBXContainerItemProxy;
			containerPortal = C86D01DE219929C700D802A3 /* Project object */;
			proxyType = 1;
			remoteGlobalIDString = C86D01E5219929C700D802A3;
			remoteInfo = "架构模式学习";
		};
/* End PBXContainerItemProxy section */

/* Begin PBXFileReference section */
		A717BF7121A2E7CA001F3FDD /* SWIFTVIPERDataProvider.swift */ = {isa = PBXFileReference; lastKnownFileType = sourcecode.swift; path = SWIFTVIPERDataProvider.swift; sourceTree = "<group>"; };
		A717BF7321A2E7FE001F3FDD /* SWIFTVIPERDataOutput.swift */ = {isa = PBXFileReference; lastKnownFileType = sourcecode.swift; path = SWIFTVIPERDataOutput.swift; sourceTree = "<group>"; };
		A717BF7521A2E83C001F3FDD /* SWIFTVIPERViewEventHandler.swift */ = {isa = PBXFileReference; lastKnownFileType = sourcecode.swift; path = SWIFTVIPERViewEventHandler.swift; sourceTree = "<group>"; };
		A76EF927219EFC9E000A2D32 /* VIPERViewController.h */ = {isa = PBXFileReference; fileEncoding = 4; lastKnownFileType = sourcecode.c.h; path = VIPERViewController.h; sourceTree = "<group>"; };
		A76EF928219EFC9F000A2D32 /* VIPERViewController.m */ = {isa = PBXFileReference; fileEncoding = 4; lastKnownFileType = sourcecode.c.objc; path = VIPERViewController.m; sourceTree = "<group>"; };
		A76EF92A219F00D5000A2D32 /* MVVMViewController.m */ = {isa = PBXFileReference; fileEncoding = 4; lastKnownFileType = sourcecode.c.objc; path = MVVMViewController.m; sourceTree = "<group>"; };
		A76EF92B219F00D5000A2D32 /* MVVMViewController.h */ = {isa = PBXFileReference; fileEncoding = 4; lastKnownFileType = sourcecode.c.h; path = MVVMViewController.h; sourceTree = "<group>"; };
		A76EF92D219F00FB000A2D32 /* MVPViewController.m */ = {isa = PBXFileReference; fileEncoding = 4; lastKnownFileType = sourcecode.c.objc; path = MVPViewController.m; sourceTree = "<group>"; };
		A76EF92E219F00FB000A2D32 /* MVPViewController.h */ = {isa = PBXFileReference; fileEncoding = 4; lastKnownFileType = sourcecode.c.h; path = MVPViewController.h; sourceTree = "<group>"; };
		A7A49F2A219B1242007FDFCC /* VIPERViewEventHandler.h */ = {isa = PBXFileReference; fileEncoding = 4; lastKnownFileType = sourcecode.c.h; path = VIPERViewEventHandler.h; sourceTree = "<group>"; };
		C86D01E6219929C700D802A3 /* 架构模式学习.app */ = {isa = PBXFileReference; explicitFileType = wrapper.application; includeInIndex = 0; path = "架构模式学习.app"; sourceTree = BUILT_PRODUCTS_DIR; };
		C86D01E9219929C700D802A3 /* AppDelegate.h */ = {isa = PBXFileReference; lastKnownFileType = sourcecode.c.h; path = AppDelegate.h; sourceTree = "<group>"; };
		C86D01EA219929C700D802A3 /* AppDelegate.m */ = {isa = PBXFileReference; lastKnownFileType = sourcecode.c.objc; path = AppDelegate.m; sourceTree = "<group>"; };
		C86D01EC219929C700D802A3 /* ViewController.h */ = {isa = PBXFileReference; lastKnownFileType = sourcecode.c.h; path = ViewController.h; sourceTree = "<group>"; };
		C86D01ED219929C700D802A3 /* ViewController.m */ = {isa = PBXFileReference; lastKnownFileType = sourcecode.c.objc; path = ViewController.m; sourceTree = "<group>"; };
		C86D01F0219929C700D802A3 /* Base */ = {isa = PBXFileReference; lastKnownFileType = file.storyboard; name = Base; path = Base.lproj/Main.storyboard; sourceTree = "<group>"; };
		C86D01F2219929C900D802A3 /* Assets.xcassets */ = {isa = PBXFileReference; lastKnownFileType = folder.assetcatalog; path = Assets.xcassets; sourceTree = "<group>"; };
		C86D01F5219929C900D802A3 /* Base */ = {isa = PBXFileReference; lastKnownFileType = file.storyboard; name = Base; path = Base.lproj/LaunchScreen.storyboard; sourceTree = "<group>"; };
		C86D01F7219929C900D802A3 /* Info.plist */ = {isa = PBXFileReference; lastKnownFileType = text.plist.xml; path = Info.plist; sourceTree = "<group>"; };
		C86D01F8219929C900D802A3 /* main.m */ = {isa = PBXFileReference; lastKnownFileType = sourcecode.c.objc; path = main.m; sourceTree = "<group>"; };
		C86D01FE219929C900D802A3 /* 架构模式学习Tests.xctest */ = {isa = PBXFileReference; explicitFileType = wrapper.cfbundle; includeInIndex = 0; path = "架构模式学习Tests.xctest"; sourceTree = BUILT_PRODUCTS_DIR; };
		C86D0202219929C900D802A3 /* ______Tests.m */ = {isa = PBXFileReference; lastKnownFileType = sourcecode.c.objc; path = "______Tests.m"; sourceTree = "<group>"; };
		C86D0204219929C900D802A3 /* Info.plist */ = {isa = PBXFileReference; lastKnownFileType = text.plist.xml; path = Info.plist; sourceTree = "<group>"; };
		C86D0209219929C900D802A3 /* 架构模式学习UITests.xctest */ = {isa = PBXFileReference; explicitFileType = wrapper.cfbundle; includeInIndex = 0; path = "架构模式学习UITests.xctest"; sourceTree = BUILT_PRODUCTS_DIR; };
		C86D020D219929C900D802A3 /* ______UITests.m */ = {isa = PBXFileReference; lastKnownFileType = sourcecode.c.objc; path = "______UITests.m"; sourceTree = "<group>"; };
		C86D020F219929C900D802A3 /* Info.plist */ = {isa = PBXFileReference; lastKnownFileType = text.plist.xml; path = Info.plist; sourceTree = "<group>"; };
		C86D022521992CCF00D802A3 /* CocoaMVCViewController.h */ = {isa = PBXFileReference; lastKnownFileType = sourcecode.c.h; path = CocoaMVCViewController.h; sourceTree = "<group>"; };
		C86D022621992CCF00D802A3 /* CocoaMVCViewController.m */ = {isa = PBXFileReference; lastKnownFileType = sourcecode.c.objc; path = CocoaMVCViewController.m; sourceTree = "<group>"; };
		C86D022821992D4900D802A3 /* CocoaMVCAnimal.h */ = {isa = PBXFileReference; lastKnownFileType = sourcecode.c.h; path = CocoaMVCAnimal.h; sourceTree = "<group>"; };
		C86D022921992D4900D802A3 /* CocoaMVCAnimal.h.m */ = {isa = PBXFileReference; lastKnownFileType = sourcecode.c.objc; path = CocoaMVCAnimal.h.m; sourceTree = "<group>"; };
		C86D022B21992EFA00D802A3 /* CocoaMVCAnimalDetailView.h */ = {isa = PBXFileReference; lastKnownFileType = sourcecode.c.h; path = CocoaMVCAnimalDetailView.h; sourceTree = "<group>"; };
		C86D022C21992EFA00D802A3 /* CocoaMVCAnimalDetailView.m */ = {isa = PBXFileReference; lastKnownFileType = sourcecode.c.objc; path = CocoaMVCAnimalDetailView.m; sourceTree = "<group>"; };
		C86D023C21995EB100D802A3 /* MVPAnimal.h */ = {isa = PBXFileReference; fileEncoding = 4; lastKnownFileType = sourcecode.c.h; path = MVPAnimal.h; sourceTree = "<group>"; };
		C86D023D21995EB100D802A3 /* MVPAnimal.m */ = {isa = PBXFileReference; fileEncoding = 4; lastKnownFileType = sourcecode.c.objc; path = MVPAnimal.m; sourceTree = "<group>"; };
		C86D023F21995EB100D802A3 /* MVPView.h */ = {isa = PBXFileReference; fileEncoding = 4; lastKnownFileType = sourcecode.c.h; path = MVPView.h; sourceTree = "<group>"; };
		C86D024021995EB100D802A3 /* MVPView.m */ = {isa = PBXFileReference; fileEncoding = 4; lastKnownFileType = sourcecode.c.objc; path = MVPView.m; sourceTree = "<group>"; };
		C86D024721995F7E00D802A3 /* MVPAnimalPresenter.h */ = {isa = PBXFileReference; lastKnownFileType = sourcecode.c.h; path = MVPAnimalPresenter.h; sourceTree = "<group>"; };
		C86D024821995F7E00D802A3 /* MVPAnimalPresenter.m */ = {isa = PBXFileReference; lastKnownFileType = sourcecode.c.objc; path = MVPAnimalPresenter.m; sourceTree = "<group>"; };
		C86D024B2199682800D802A3 /* MVVMView.h */ = {isa = PBXFileReference; fileEncoding = 4; lastKnownFileType = sourcecode.c.h; path = MVVMView.h; sourceTree = "<group>"; };
		C86D024C2199682800D802A3 /* MVVMView.m */ = {isa = PBXFileReference; fileEncoding = 4; lastKnownFileType = sourcecode.c.objc; path = MVVMView.m; sourceTree = "<group>"; };
		C86D024E2199682800D802A3 /* MVVMAnimalViewModel.h */ = {isa = PBXFileReference; fileEncoding = 4; lastKnownFileType = sourcecode.c.h; path = MVVMAnimalViewModel.h; sourceTree = "<group>"; };
		C86D024F2199682800D802A3 /* MVVMAnimalViewModel.m */ = {isa = PBXFileReference; fileEncoding = 4; lastKnownFileType = sourcecode.c.objc; path = MVVMAnimalViewModel.m; sourceTree = "<group>"; };
		C86D02542199682800D802A3 /* MVVMAnimal.h */ = {isa = PBXFileReference; fileEncoding = 4; lastKnownFileType = sourcecode.c.h; path = MVVMAnimal.h; sourceTree = "<group>"; };
		C86D02552199682800D802A3 /* MVVMAnimal.m */ = {isa = PBXFileReference; fileEncoding = 4; lastKnownFileType = sourcecode.c.objc; path = MVVMAnimal.m; sourceTree = "<group>"; };
		C878E585219ACE8C00B2B941 /* VIPERView.h */ = {isa = PBXFileReference; lastKnownFileType = sourcecode.c.h; path = VIPERView.h; sourceTree = "<group>"; };
		C878E586219ACE8C00B2B941 /* VIPERView.m */ = {isa = PBXFileReference; lastKnownFileType = sourcecode.c.objc; path = VIPERView.m; sourceTree = "<group>"; };
		C878E588219ACEA700B2B941 /* VIPERInteractor.h */ = {isa = PBXFileReference; lastKnownFileType = sourcecode.c.h; path = VIPERInteractor.h; sourceTree = "<group>"; };
		C878E589219ACEA700B2B941 /* VIPERInteractor.m */ = {isa = PBXFileReference; lastKnownFileType = sourcecode.c.objc; path = VIPERInteractor.m; sourceTree = "<group>"; };
		C878E58B219ACEBB00B2B941 /* VIPERPresenter.h */ = {isa = PBXFileReference; lastKnownFileType = sourcecode.c.h; path = VIPERPresenter.h; sourceTree = "<group>"; };
		C878E58C219ACEBB00B2B941 /* VIPERPresenter.m */ = {isa = PBXFileReference; lastKnownFileType = sourcecode.c.objc; path = VIPERPresenter.m; sourceTree = "<group>"; };
		C878E58E219ACEE600B2B941 /* VIPERAnimal.h */ = {isa = PBXFileReference; lastKnownFileType = sourcecode.c.h; path = VIPERAnimal.h; sourceTree = "<group>"; };
		C878E58F219ACEE600B2B941 /* VIPERAnimal.m */ = {isa = PBXFileReference; lastKnownFileType = sourcecode.c.objc; path = VIPERAnimal.m; sourceTree = "<group>"; };
		C878E591219ACEFC00B2B941 /* VIPERRouter.h */ = {isa = PBXFileReference; lastKnownFileType = sourcecode.c.h; path = VIPERRouter.h; sourceTree = "<group>"; };
		C878E592219ACEFC00B2B941 /* VIPERRouter.m */ = {isa = PBXFileReference; lastKnownFileType = sourcecode.c.objc; path = VIPERRouter.m; sourceTree = "<group>"; };
		C878E594219AD56800B2B941 /* VIPERDataProvider.h */ = {isa = PBXFileReference; lastKnownFileType = sourcecode.c.h; path = VIPERDataProvider.h; sourceTree = "<group>"; };
		C878E595219AD59400B2B941 /* VIPERDataOutput.h */ = {isa = PBXFileReference; lastKnownFileType = sourcecode.c.h; path = VIPERDataOutput.h; sourceTree = "<group>"; };
		C8C9D4B121A2A3CC007E910E /* SWIFTMVCAnimal.swift */ = {isa = PBXFileReference; lastKnownFileType = sourcecode.swift; path = SWIFTMVCAnimal.swift; sourceTree = "<group>"; };
		C8C9D4B321A2A445007E910E /* SWIFTMVCView.swift */ = {isa = PBXFileReference; lastKnownFileType = sourcecode.swift; path = SWIFTMVCView.swift; sourceTree = "<group>"; };
		C8C9D4B521A2A46F007E910E /* SWIFTMVCViewController.swift */ = {isa = PBXFileReference; lastKnownFileType = sourcecode.swift; path = SWIFTMVCViewController.swift; sourceTree = "<group>"; };
		C8C9D4BE21A2AA73007E910E /* SWIFTMVVMAnimal.swift */ = {isa = PBXFileReference; lastKnownFileType = sourcecode.swift; path = SWIFTMVVMAnimal.swift; sourceTree = "<group>"; };
		C8C9D4C021A2AA87007E910E /* SWIFTMVVMView.swift */ = {isa = PBXFileReference; lastKnownFileType = sourcecode.swift; path = SWIFTMVVMView.swift; sourceTree = "<group>"; };
		C8C9D4C221A2AAB0007E910E /* SWIFTMVVMViewController.swift */ = {isa = PBXFileReference; fileEncoding = 4; lastKnownFileType = sourcecode.swift; path = SWIFTMVVMViewController.swift; sourceTree = "<group>"; };
		C8C9D4C421A2AAD1007E910E /* SWIFTMVVMViewModel.swift */ = {isa = PBXFileReference; lastKnownFileType = sourcecode.swift; path = SWIFTMVVMViewModel.swift; sourceTree = "<group>"; };
		C8C9D4CA21A2B84E007E910E /* SWIFTMVPAnimal.swift */ = {isa = PBXFileReference; lastKnownFileType = sourcecode.swift; path = SWIFTMVPAnimal.swift; sourceTree = "<group>"; };
		C8C9D4CC21A2B85E007E910E /* SWIFTMVPView.swift */ = {isa = PBXFileReference; lastKnownFileType = sourcecode.swift; path = SWIFTMVPView.swift; sourceTree = "<group>"; };
		C8C9D4CE21A2B867007E910E /* SWIFTMVPViewController.swift */ = {isa = PBXFileReference; lastKnownFileType = sourcecode.swift; path = SWIFTMVPViewController.swift; sourceTree = "<group>"; };
		C8C9D4D021A2B885007E910E /* SWIFTMVPPresenter.swift */ = {isa = PBXFileReference; lastKnownFileType = sourcecode.swift; path = SWIFTMVPPresenter.swift; sourceTree = "<group>"; };
		C8C9D4D821A2C08E007E910E /* SWIFTVIPERView.swift */ = {isa = PBXFileReference; lastKnownFileType = sourcecode.swift; path = SWIFTVIPERView.swift; sourceTree = "<group>"; };
		C8C9D4DA21A2C0A1007E910E /* SWIFTVIPERViewController.swift */ = {isa = PBXFileReference; lastKnownFileType = sourcecode.swift; path = SWIFTVIPERViewController.swift; sourceTree = "<group>"; };
		C8C9D4DC21A2C0C6007E910E /* SWIFTVIPERInteractor.swift */ = {isa = PBXFileReference; lastKnownFileType = sourcecode.swift; path = SWIFTVIPERInteractor.swift; sourceTree = "<group>"; };
		C8C9D4DE21A2C0E5007E910E /* SWIFTVIPERPresenter.swift */ = {isa = PBXFileReference; lastKnownFileType = sourcecode.swift; path = SWIFTVIPERPresenter.swift; sourceTree = "<group>"; };
		C8C9D4E021A2C0FB007E910E /* SWIFTVIPERAnimal.swift */ = {isa = PBXFileReference; lastKnownFileType = sourcecode.swift; path = SWIFTVIPERAnimal.swift; sourceTree = "<group>"; };
		C8C9D4E221A2C10E007E910E /* SWIFTVIPERRouter.swift */ = {isa = PBXFileReference; lastKnownFileType = sourcecode.swift; path = SWIFTVIPERRouter.swift; sourceTree = "<group>"; };
		C8D7CB4D21A26B8700588FA7 /* MVCViewController.h */ = {isa = PBXFileReference; fileEncoding = 4; lastKnownFileType = sourcecode.c.h; path = MVCViewController.h; sourceTree = "<group>"; };
		C8D7CB4E21A26B8700588FA7 /* MVCViewController.m */ = {isa = PBXFileReference; fileEncoding = 4; lastKnownFileType = sourcecode.c.objc; path = MVCViewController.m; sourceTree = "<group>"; };
		C8D7CB5021A26B8700588FA7 /* MVCAnimal.h */ = {isa = PBXFileReference; fileEncoding = 4; lastKnownFileType = sourcecode.c.h; path = MVCAnimal.h; sourceTree = "<group>"; };
		C8D7CB5121A26B8700588FA7 /* MVCAnimal.m */ = {isa = PBXFileReference; fileEncoding = 4; lastKnownFileType = sourcecode.c.objc; path = MVCAnimal.m; sourceTree = "<group>"; };
		C8D7CB5321A26B8700588FA7 /* MVCAnimalDetailView.h */ = {isa = PBXFileReference; fileEncoding = 4; lastKnownFileType = sourcecode.c.h; path = MVCAnimalDetailView.h; sourceTree = "<group>"; };
		C8D7CB5421A26B8700588FA7 /* MVCAnimalDetailView.m */ = {isa = PBXFileReference; fileEncoding = 4; lastKnownFileType = sourcecode.c.objc; path = MVCAnimalDetailView.m; sourceTree = "<group>"; };
		C8D7CB6021A26DE900588FA7 /* SWIFTCocoaMVCAnimal.swift */ = {isa = PBXFileReference; lastKnownFileType = sourcecode.swift; path = SWIFTCocoaMVCAnimal.swift; sourceTree = "<group>"; };
		C8D7CB6221A26E1200588FA7 /* SWIFTCocoaMVCView.swift */ = {isa = PBXFileReference; lastKnownFileType = sourcecode.swift; path = SWIFTCocoaMVCView.swift; sourceTree = "<group>"; };
		C8D7CB6421A26E7700588FA7 /* SWIFTCocoaMVCViewController.swift */ = {isa = PBXFileReference; lastKnownFileType = sourcecode.swift; path = SWIFTCocoaMVCViewController.swift; sourceTree = "<group>"; };
		C8D7CB6721A2706600588FA7 /* 架构模式学习-Bridging-Header.h */ = {isa = PBXFileReference; fileEncoding = 4; lastKnownFileType = sourcecode.c.h; path = "架构模式学习-Bridging-Header.h"; sourceTree = "<group>"; };
/* End PBXFileReference section */

/* Begin PBXFrameworksBuildPhase section */
		C86D01E3219929C700D802A3 /* Frameworks */ = {
			isa = PBXFrameworksBuildPhase;
			buildActionMask = 2147483647;
			files = (
			);
			runOnlyForDeploymentPostprocessing = 0;
		};
		C86D01FB219929C900D802A3 /* Frameworks */ = {
			isa = PBXFrameworksBuildPhase;
			buildActionMask = 2147483647;
			files = (
			);
			runOnlyForDeploymentPostprocessing = 0;
		};
		C86D0206219929C900D802A3 /* Frameworks */ = {
			isa = PBXFrameworksBuildPhase;
			buildActionMask = 2147483647;
			files = (
			);
			runOnlyForDeploymentPostprocessing = 0;
		};
/* End PBXFrameworksBuildPhase section */

/* Begin PBXGroup section */
		C86D01DD219929C700D802A3 = {
			isa = PBXGroup;
			children = (
				C86D01E8219929C700D802A3 /* 架构模式学习 */,
				C86D0201219929C900D802A3 /* 架构模式学习Tests */,
				C86D020C219929C900D802A3 /* 架构模式学习UITests */,
				C86D01E7219929C700D802A3 /* Products */,
			);
			sourceTree = "<group>";
		};
		C86D01E7219929C700D802A3 /* Products */ = {
			isa = PBXGroup;
			children = (
				C86D01E6219929C700D802A3 /* 架构模式学习.app */,
				C86D01FE219929C900D802A3 /* 架构模式学习Tests.xctest */,
				C86D0209219929C900D802A3 /* 架构模式学习UITests.xctest */,
			);
			name = Products;
			sourceTree = "<group>";
		};
		C86D01E8219929C700D802A3 /* 架构模式学习 */ = {
			isa = PBXGroup;
			children = (
				C86D021C21992A1400D802A3 /* objective-c */,
				C8D7CB5821A26BCA00588FA7 /* swift */,
				C86D01E9219929C700D802A3 /* AppDelegate.h */,
				C86D01EA219929C700D802A3 /* AppDelegate.m */,
				C86D01EC219929C700D802A3 /* ViewController.h */,
				C86D01ED219929C700D802A3 /* ViewController.m */,
				C86D01EF219929C700D802A3 /* Main.storyboard */,
				C86D01F2219929C900D802A3 /* Assets.xcassets */,
				C86D01F4219929C900D802A3 /* LaunchScreen.storyboard */,
				C86D01F7219929C900D802A3 /* Info.plist */,
				C86D01F8219929C900D802A3 /* main.m */,
			);
			path = "架构模式学习";
			sourceTree = "<group>";
		};
		C86D0201219929C900D802A3 /* 架构模式学习Tests */ = {
			isa = PBXGroup;
			children = (
				C86D0202219929C900D802A3 /* ______Tests.m */,
				C86D0204219929C900D802A3 /* Info.plist */,
			);
			path = "架构模式学习Tests";
			sourceTree = "<group>";
		};
		C86D020C219929C900D802A3 /* 架构模式学习UITests */ = {
			isa = PBXGroup;
			children = (
				C86D020D219929C900D802A3 /* ______UITests.m */,
				C86D020F219929C900D802A3 /* Info.plist */,
			);
			path = "架构模式学习UITests";
			sourceTree = "<group>";
		};
		C86D021C21992A1400D802A3 /* objective-c */ = {
			isa = PBXGroup;
			children = (
				C86D021D21992B2100D802A3 /* 苹果意愿MVC */,
				C8D7CB4B21A26B8700588FA7 /* 一般使用的MVC */,
				C86D022021992B2100D802A3 /* MVP */,
				C86D021F21992B2100D802A3 /* MVVM */,
				C86D021E21992B2100D802A3 /* VIPER */,
			);
			path = "objective-c";
			sourceTree = "<group>";
		};
		C86D021D21992B2100D802A3 /* 苹果意愿MVC */ = {
			isa = PBXGroup;
			children = (
				C86D022321992C9C00D802A3 /* Model */,
				C86D022421992C9C00D802A3 /* View */,
				C86D022221992C9C00D802A3 /* Controller */,
			);
			path = "苹果意愿MVC";
			sourceTree = "<group>";
		};
		C86D021E21992B2100D802A3 /* VIPER */ = {
			isa = PBXGroup;
			children = (
				C878E584219ACE6C00B2B941 /* View */,
				C878E580219ACE6C00B2B941 /* Interactor */,
				C878E581219ACE6C00B2B941 /* Presenter */,
				C878E582219ACE6C00B2B941 /* Entity */,
				C878E583219ACE6C00B2B941 /* Router */,
			);
			path = VIPER;
			sourceTree = "<group>";
		};
		C86D021F21992B2100D802A3 /* MVVM */ = {
			isa = PBXGroup;
			children = (
				C86D02532199682800D802A3 /* Model */,
				C86D024A2199682800D802A3 /* View */,
				C86D024D2199682800D802A3 /* ViewModel */,
			);
			path = MVVM;
			sourceTree = "<group>";
		};
		C86D022021992B2100D802A3 /* MVP */ = {
			isa = PBXGroup;
			children = (
				C86D023B21995EB100D802A3 /* Model */,
				C86D023E21995EB100D802A3 /* View */,
				C86D023A21995EB100D802A3 /* Presenter */,
			);
			path = MVP;
			sourceTree = "<group>";
		};
		C86D022221992C9C00D802A3 /* Controller */ = {
			isa = PBXGroup;
			children = (
				C86D022521992CCF00D802A3 /* CocoaMVCViewController.h */,
				C86D022621992CCF00D802A3 /* CocoaMVCViewController.m */,
			);
			path = Controller;
			sourceTree = "<group>";
		};
		C86D022321992C9C00D802A3 /* Model */ = {
			isa = PBXGroup;
			children = (
				C86D022821992D4900D802A3 /* CocoaMVCAnimal.h */,
				C86D022921992D4900D802A3 /* CocoaMVCAnimal.h.m */,
			);
			path = Model;
			sourceTree = "<group>";
		};
		C86D022421992C9C00D802A3 /* View */ = {
			isa = PBXGroup;
			children = (
				C86D022B21992EFA00D802A3 /* CocoaMVCAnimalDetailView.h */,
				C86D022C21992EFA00D802A3 /* CocoaMVCAnimalDetailView.m */,
			);
			path = View;
			sourceTree = "<group>";
		};
		C86D023A21995EB100D802A3 /* Presenter */ = {
			isa = PBXGroup;
			children = (
				C86D024721995F7E00D802A3 /* MVPAnimalPresenter.h */,
				C86D024821995F7E00D802A3 /* MVPAnimalPresenter.m */,
			);
			path = Presenter;
			sourceTree = "<group>";
		};
		C86D023B21995EB100D802A3 /* Model */ = {
			isa = PBXGroup;
			children = (
				C86D023C21995EB100D802A3 /* MVPAnimal.h */,
				C86D023D21995EB100D802A3 /* MVPAnimal.m */,
			);
			path = Model;
			sourceTree = "<group>";
		};
		C86D023E21995EB100D802A3 /* View */ = {
			isa = PBXGroup;
			children = (
				C86D023F21995EB100D802A3 /* MVPView.h */,
				C86D024021995EB100D802A3 /* MVPView.m */,
				A76EF92E219F00FB000A2D32 /* MVPViewController.h */,
				A76EF92D219F00FB000A2D32 /* MVPViewController.m */,
			);
			path = View;
			sourceTree = "<group>";
		};
		C86D024A2199682800D802A3 /* View */ = {
			isa = PBXGroup;
			children = (
				C86D024B2199682800D802A3 /* MVVMView.h */,
				C86D024C2199682800D802A3 /* MVVMView.m */,
				A76EF92B219F00D5000A2D32 /* MVVMViewController.h */,
				A76EF92A219F00D5000A2D32 /* MVVMViewController.m */,
			);
			path = View;
			sourceTree = "<group>";
		};
		C86D024D2199682800D802A3 /* ViewModel */ = {
			isa = PBXGroup;
			children = (
				C86D024E2199682800D802A3 /* MVVMAnimalViewModel.h */,
				C86D024F2199682800D802A3 /* MVVMAnimalViewModel.m */,
			);
			path = ViewModel;
			sourceTree = "<group>";
		};
		C86D02532199682800D802A3 /* Model */ = {
			isa = PBXGroup;
			children = (
				C86D02542199682800D802A3 /* MVVMAnimal.h */,
				C86D02552199682800D802A3 /* MVVMAnimal.m */,
			);
			path = Model;
			sourceTree = "<group>";
		};
		C878E580219ACE6C00B2B941 /* Interactor */ = {
			isa = PBXGroup;
			children = (
				C878E594219AD56800B2B941 /* VIPERDataProvider.h */,
				C878E595219AD59400B2B941 /* VIPERDataOutput.h */,
				C878E588219ACEA700B2B941 /* VIPERInteractor.h */,
				C878E589219ACEA700B2B941 /* VIPERInteractor.m */,
			);
			path = Interactor;
			sourceTree = "<group>";
		};
		C878E581219ACE6C00B2B941 /* Presenter */ = {
			isa = PBXGroup;
			children = (
				C878E58B219ACEBB00B2B941 /* VIPERPresenter.h */,
				C878E58C219ACEBB00B2B941 /* VIPERPresenter.m */,
			);
			path = Presenter;
			sourceTree = "<group>";
		};
		C878E582219ACE6C00B2B941 /* Entity */ = {
			isa = PBXGroup;
			children = (
				C878E58E219ACEE600B2B941 /* VIPERAnimal.h */,
				C878E58F219ACEE600B2B941 /* VIPERAnimal.m */,
			);
			path = Entity;
			sourceTree = "<group>";
		};
		C878E583219ACE6C00B2B941 /* Router */ = {
			isa = PBXGroup;
			children = (
				C878E591219ACEFC00B2B941 /* VIPERRouter.h */,
				C878E592219ACEFC00B2B941 /* VIPERRouter.m */,
			);
			path = Router;
			sourceTree = "<group>";
		};
		C878E584219ACE6C00B2B941 /* View */ = {
			isa = PBXGroup;
			children = (
				A7A49F2A219B1242007FDFCC /* VIPERViewEventHandler.h */,
				A76EF927219EFC9E000A2D32 /* VIPERViewController.h */,
				A76EF928219EFC9F000A2D32 /* VIPERViewController.m */,
				C878E585219ACE8C00B2B941 /* VIPERView.h */,
				C878E586219ACE8C00B2B941 /* VIPERView.m */,
			);
			path = View;
			sourceTree = "<group>";
		};
		C8C9D4AD21A2A2DB007E910E /* 一般使用的MVC */ = {
			isa = PBXGroup;
			children = (
				C8C9D4AF21A2A2DB007E910E /* Model */,
				C8C9D4B021A2A2DB007E910E /* View */,
				C8C9D4AE21A2A2DB007E910E /* Controller */,
			);
			path = "一般使用的MVC";
			sourceTree = "<group>";
		};
		C8C9D4AE21A2A2DB007E910E /* Controller */ = {
			isa = PBXGroup;
			children = (
				C8C9D4B521A2A46F007E910E /* SWIFTMVCViewController.swift */,
			);
			path = Controller;
			sourceTree = "<group>";
		};
		C8C9D4AF21A2A2DB007E910E /* Model */ = {
			isa = PBXGroup;
			children = (
				C8C9D4B121A2A3CC007E910E /* SWIFTMVCAnimal.swift */,
			);
			path = Model;
			sourceTree = "<group>";
		};
		C8C9D4B021A2A2DB007E910E /* View */ = {
			isa = PBXGroup;
			children = (
				C8C9D4B321A2A445007E910E /* SWIFTMVCView.swift */,
			);
			path = View;
			sourceTree = "<group>";
		};
		C8C9D4B721A2A9E4007E910E /* MVVM */ = {
			isa = PBXGroup;
			children = (
				C8C9D4B921A2A9E4007E910E /* Model */,
				C8C9D4BA21A2A9E4007E910E /* View */,
				C8C9D4BB21A2A9E4007E910E /* ViewModel */,
			);
			path = MVVM;
			sourceTree = "<group>";
		};
		C8C9D4B921A2A9E4007E910E /* Model */ = {
			isa = PBXGroup;
			children = (
				C8C9D4BE21A2AA73007E910E /* SWIFTMVVMAnimal.swift */,
			);
			path = Model;
			sourceTree = "<group>";
		};
		C8C9D4BA21A2A9E4007E910E /* View */ = {
			isa = PBXGroup;
			children = (
				C8C9D4C021A2AA87007E910E /* SWIFTMVVMView.swift */,
				C8C9D4C221A2AAB0007E910E /* SWIFTMVVMViewController.swift */,
			);
			path = View;
			sourceTree = "<group>";
		};
		C8C9D4BB21A2A9E4007E910E /* ViewModel */ = {
			isa = PBXGroup;
			children = (
				C8C9D4C421A2AAD1007E910E /* SWIFTMVVMViewModel.swift */,
			);
			path = ViewModel;
			sourceTree = "<group>";
		};
		C8C9D4C621A2B80E007E910E /* MVP */ = {
			isa = PBXGroup;
			children = (
				C8C9D4C721A2B80E007E910E /* Model */,
				C8C9D4C921A2B80E007E910E /* View */,
				C8C9D4C821A2B80E007E910E /* Presenter */,
			);
			path = MVP;
			sourceTree = "<group>";
		};
		C8C9D4C721A2B80E007E910E /* Model */ = {
			isa = PBXGroup;
			children = (
				C8C9D4CA21A2B84E007E910E /* SWIFTMVPAnimal.swift */,
			);
			path = Model;
			sourceTree = "<group>";
		};
		C8C9D4C821A2B80E007E910E /* Presenter */ = {
			isa = PBXGroup;
			children = (
				C8C9D4D021A2B885007E910E /* SWIFTMVPPresenter.swift */,
			);
			path = Presenter;
			sourceTree = "<group>";
		};
		C8C9D4C921A2B80E007E910E /* View */ = {
			isa = PBXGroup;
			children = (
				C8C9D4CC21A2B85E007E910E /* SWIFTMVPView.swift */,
				C8C9D4CE21A2B867007E910E /* SWIFTMVPViewController.swift */,
			);
			path = View;
			sourceTree = "<group>";
		};
		C8C9D4D221A2C065007E910E /* VIPER */ = {
			isa = PBXGroup;
			children = (
				C8C9D4D721A2C065007E910E /* View */,
				C8C9D4D421A2C065007E910E /* Interactor */,
				C8C9D4D521A2C065007E910E /* Presenter */,
				C8C9D4D321A2C065007E910E /* Entity */,
				C8C9D4D621A2C065007E910E /* Router */,
			);
			path = VIPER;
			sourceTree = "<group>";
		};
		C8C9D4D321A2C065007E910E /* Entity */ = {
			isa = PBXGroup;
			children = (
				C8C9D4E021A2C0FB007E910E /* SWIFTVIPERAnimal.swift */,
			);
			path = Entity;
			sourceTree = "<group>";
		};
		C8C9D4D421A2C065007E910E /* Interactor */ = {
			isa = PBXGroup;
			children = (
				A717BF7121A2E7CA001F3FDD /* SWIFTVIPERDataProvider.swift */,
				A717BF7321A2E7FE001F3FDD /* SWIFTVIPERDataOutput.swift */,
				C8C9D4DC21A2C0C6007E910E /* SWIFTVIPERInteractor.swift */,
			);
			path = Interactor;
			sourceTree = "<group>";
		};
		C8C9D4D521A2C065007E910E /* Presenter */ = {
			isa = PBXGroup;
			children = (
				C8C9D4DE21A2C0E5007E910E /* SWIFTVIPERPresenter.swift */,
			);
			path = Presenter;
			sourceTree = "<group>";
		};
		C8C9D4D621A2C065007E910E /* Router */ = {
			isa = PBXGroup;
			children = (
				C8C9D4E221A2C10E007E910E /* SWIFTVIPERRouter.swift */,
			);
			path = Router;
			sourceTree = "<group>";
		};
		C8C9D4D721A2C065007E910E /* View */ = {
			isa = PBXGroup;
			children = (
				C8C9D4D821A2C08E007E910E /* SWIFTVIPERView.swift */,
				C8C9D4DA21A2C0A1007E910E /* SWIFTVIPERViewController.swift */,
				A717BF7521A2E83C001F3FDD /* SWIFTVIPERViewEventHandler.swift */,
			);
			path = View;
			sourceTree = "<group>";
		};
		C8D7CB4B21A26B8700588FA7 /* 一般使用的MVC */ = {
			isa = PBXGroup;
			children = (
				C8D7CB4F21A26B8700588FA7 /* Model */,
				C8D7CB5221A26B8700588FA7 /* View */,
				C8D7CB4C21A26B8700588FA7 /* Controller */,
			);
			path = "一般使用的MVC";
			sourceTree = "<group>";
		};
		C8D7CB4C21A26B8700588FA7 /* Controller */ = {
			isa = PBXGroup;
			children = (
				C8D7CB4D21A26B8700588FA7 /* MVCViewController.h */,
				C8D7CB4E21A26B8700588FA7 /* MVCViewController.m */,
			);
			path = Controller;
			sourceTree = "<group>";
		};
		C8D7CB4F21A26B8700588FA7 /* Model */ = {
			isa = PBXGroup;
			children = (
				C8D7CB5021A26B8700588FA7 /* MVCAnimal.h */,
				C8D7CB5121A26B8700588FA7 /* MVCAnimal.m */,
			);
			path = Model;
			sourceTree = "<group>";
		};
		C8D7CB5221A26B8700588FA7 /* View */ = {
			isa = PBXGroup;
			children = (
				C8D7CB5321A26B8700588FA7 /* MVCAnimalDetailView.h */,
				C8D7CB5421A26B8700588FA7 /* MVCAnimalDetailView.m */,
			);
			path = View;
			sourceTree = "<group>";
		};
		C8D7CB5821A26BCA00588FA7 /* swift */ = {
			isa = PBXGroup;
			children = (
				C8D7CB6721A2706600588FA7 /* 架构模式学习-Bridging-Header.h */,
				C8D7CB5921A26BCA00588FA7 /* 苹果意愿的MVC */,
				C8C9D4AD21A2A2DB007E910E /* 一般使用的MVC */,
				C8C9D4C621A2B80E007E910E /* MVP */,
				C8C9D4B721A2A9E4007E910E /* MVVM */,
				C8C9D4D221A2C065007E910E /* VIPER */,
			);
			path = swift;
			sourceTree = "<group>";
		};
		C8D7CB5921A26BCA00588FA7 /* 苹果意愿的MVC */ = {
			isa = PBXGroup;
			children = (
				C8D7CB5B21A26BCA00588FA7 /* Model */,
				C8D7CB5C21A26BCA00588FA7 /* View */,
				C8D7CB5A21A26BCA00588FA7 /* Controller */,
			);
			path = "苹果意愿的MVC";
			sourceTree = "<group>";
		};
		C8D7CB5A21A26BCA00588FA7 /* Controller */ = {
			isa = PBXGroup;
			children = (
				C8D7CB6421A26E7700588FA7 /* SWIFTCocoaMVCViewController.swift */,
			);
			path = Controller;
			sourceTree = "<group>";
		};
		C8D7CB5B21A26BCA00588FA7 /* Model */ = {
			isa = PBXGroup;
			children = (
				C8D7CB6021A26DE900588FA7 /* SWIFTCocoaMVCAnimal.swift */,
			);
			path = Model;
			sourceTree = "<group>";
		};
		C8D7CB5C21A26BCA00588FA7 /* View */ = {
			isa = PBXGroup;
			children = (
				C8D7CB6221A26E1200588FA7 /* SWIFTCocoaMVCView.swift */,
			);
			path = View;
			sourceTree = "<group>";
		};
/* End PBXGroup section */

/* Begin PBXNativeTarget section */
		C86D01E5219929C700D802A3 /* 架构模式学习 */ = {
			isa = PBXNativeTarget;
			buildConfigurationList = C86D0212219929C900D802A3 /* Build configuration list for PBXNativeTarget "架构模式学习" */;
			buildPhases = (
				C86D01E2219929C700D802A3 /* Sources */,
				C86D01E3219929C700D802A3 /* Frameworks */,
				C86D01E4219929C700D802A3 /* Resources */,
			);
			buildRules = (
			);
			dependencies = (
			);
			name = "架构模式学习";
			productName = "架构模式学习";
			productReference = C86D01E6219929C700D802A3 /* 架构模式学习.app */;
			productType = "com.apple.product-type.application";
		};
		C86D01FD219929C900D802A3 /* 架构模式学习Tests */ = {
			isa = PBXNativeTarget;
			buildConfigurationList = C86D0215219929C900D802A3 /* Build configuration list for PBXNativeTarget "架构模式学习Tests" */;
			buildPhases = (
				C86D01FA219929C900D802A3 /* Sources */,
				C86D01FB219929C900D802A3 /* Frameworks */,
				C86D01FC219929C900D802A3 /* Resources */,
			);
			buildRules = (
			);
			dependencies = (
				C86D0200219929C900D802A3 /* PBXTargetDependency */,
			);
			name = "架构模式学习Tests";
			productName = "架构模式学习Tests";
			productReference = C86D01FE219929C900D802A3 /* 架构模式学习Tests.xctest */;
			productType = "com.apple.product-type.bundle.unit-test";
		};
		C86D0208219929C900D802A3 /* 架构模式学习UITests */ = {
			isa = PBXNativeTarget;
			buildConfigurationList = C86D0218219929C900D802A3 /* Build configuration list for PBXNativeTarget "架构模式学习UITests" */;
			buildPhases = (
				C86D0205219929C900D802A3 /* Sources */,
				C86D0206219929C900D802A3 /* Frameworks */,
				C86D0207219929C900D802A3 /* Resources */,
			);
			buildRules = (
			);
			dependencies = (
				C86D020B219929C900D802A3 /* PBXTargetDependency */,
			);
			name = "架构模式学习UITests";
			productName = "架构模式学习UITests";
			productReference = C86D0209219929C900D802A3 /* 架构模式学习UITests.xctest */;
			productType = "com.apple.product-type.bundle.ui-testing";
		};
/* End PBXNativeTarget section */

/* Begin PBXProject section */
		C86D01DE219929C700D802A3 /* Project object */ = {
			isa = PBXProject;
			attributes = {
				LastUpgradeCheck = 1000;
				ORGANIZATIONNAME = com.developer.meanmouse;
				TargetAttributes = {
					C86D01E5219929C700D802A3 = {
						CreatedOnToolsVersion = 10.0;
						LastSwiftMigration = 1000;
					};
					C86D01FD219929C900D802A3 = {
						CreatedOnToolsVersion = 10.0;
						TestTargetID = C86D01E5219929C700D802A3;
					};
					C86D0208219929C900D802A3 = {
						CreatedOnToolsVersion = 10.0;
						TestTargetID = C86D01E5219929C700D802A3;
					};
				};
			};
			buildConfigurationList = C86D01E1219929C700D802A3 /* Build configuration list for PBXProject "架构模式学习" */;
			compatibilityVersion = "Xcode 9.3";
			developmentRegion = en;
			hasScannedForEncodings = 0;
			knownRegions = (
				en,
				Base,
			);
			mainGroup = C86D01DD219929C700D802A3;
			productRefGroup = C86D01E7219929C700D802A3 /* Products */;
			projectDirPath = "";
			projectRoot = "";
			targets = (
				C86D01E5219929C700D802A3 /* 架构模式学习 */,
				C86D01FD219929C900D802A3 /* 架构模式学习Tests */,
				C86D0208219929C900D802A3 /* 架构模式学习UITests */,
			);
		};
/* End PBXProject section */

/* Begin PBXResourcesBuildPhase section */
		C86D01E4219929C700D802A3 /* Resources */ = {
			isa = PBXResourcesBuildPhase;
			buildActionMask = 2147483647;
			files = (
				C86D01F6219929C900D802A3 /* LaunchScreen.storyboard in Resources */,
				C86D01F3219929C900D802A3 /* Assets.xcassets in Resources */,
				C86D01F1219929C700D802A3 /* Main.storyboard in Resources */,
			);
			runOnlyForDeploymentPostprocessing = 0;
		};
		C86D01FC219929C900D802A3 /* Resources */ = {
			isa = PBXResourcesBuildPhase;
			buildActionMask = 2147483647;
			files = (
			);
			runOnlyForDeploymentPostprocessing = 0;
		};
		C86D0207219929C900D802A3 /* Resources */ = {
			isa = PBXResourcesBuildPhase;
			buildActionMask = 2147483647;
			files = (
			);
			runOnlyForDeploymentPostprocessing = 0;
		};
/* End PBXResourcesBuildPhase section */

/* Begin PBXSourcesBuildPhase section */
		C86D01E2219929C700D802A3 /* Sources */ = {
			isa = PBXSourcesBuildPhase;
			buildActionMask = 2147483647;
			files = (
				C8C9D4C521A2AAD1007E910E /* SWIFTMVVMViewModel.swift in Sources */,
				C86D02572199682900D802A3 /* MVVMAnimalViewModel.m in Sources */,
				C86D01EE219929C700D802A3 /* ViewController.m in Sources */,
				C8D7CB5721A26B8700588FA7 /* MVCAnimalDetailView.m in Sources */,
				C86D022D21992EFA00D802A3 /* CocoaMVCAnimalDetailView.m in Sources */,
				C8C9D4CB21A2B84E007E910E /* SWIFTMVPAnimal.swift in Sources */,
				C86D02592199682900D802A3 /* MVVMAnimal.m in Sources */,
				C86D024921995F7E00D802A3 /* MVPAnimalPresenter.m in Sources */,
				C86D024521995EB100D802A3 /* MVPView.m in Sources */,
				C8D7CB5521A26B8700588FA7 /* MVCViewController.m in Sources */,
				A717BF7621A2E83C001F3FDD /* SWIFTVIPERViewEventHandler.swift in Sources */,
				C878E587219ACE8C00B2B941 /* VIPERView.m in Sources */,
				C86D022721992CCF00D802A3 /* CocoaMVCViewController.m in Sources */,
				C8C9D4CD21A2B85E007E910E /* SWIFTMVPView.swift in Sources */,
				C8C9D4C321A2AAB0007E910E /* SWIFTMVVMViewController.swift in Sources */,
				A76EF929219EFC9F000A2D32 /* VIPERViewController.m in Sources */,
				A717BF7221A2E7CA001F3FDD /* SWIFTVIPERDataProvider.swift in Sources */,
				C878E58D219ACEBB00B2B941 /* VIPERPresenter.m in Sources */,
				C8C9D4BF21A2AA73007E910E /* SWIFTMVVMAnimal.swift in Sources */,
				C86D022A21992D4900D802A3 /* CocoaMVCAnimal.h.m in Sources */,
				C86D01F9219929C900D802A3 /* main.m in Sources */,
				C8C9D4B621A2A46F007E910E /* SWIFTMVCViewController.swift in Sources */,
				C8D7CB6121A26DE900588FA7 /* SWIFTCocoaMVCAnimal.swift in Sources */,
				C8C9D4DB21A2C0A1007E910E /* SWIFTVIPERViewController.swift in Sources */,
				C86D01EB219929C700D802A3 /* AppDelegate.m in Sources */,
				A717BF7421A2E7FE001F3FDD /* SWIFTVIPERDataOutput.swift in Sources */,
				C8C9D4D121A2B885007E910E /* SWIFTMVPPresenter.swift in Sources */,
				C8C9D4E121A2C0FB007E910E /* SWIFTVIPERAnimal.swift in Sources */,
				A76EF92F219F00FC000A2D32 /* MVPViewController.m in Sources */,
				C8D7CB6521A26E7700588FA7 /* SWIFTCocoaMVCViewController.swift in Sources */,
				A76EF92C219F00D5000A2D32 /* MVVMViewController.m in Sources */,
				C8C9D4DD21A2C0C6007E910E /* SWIFTVIPERInteractor.swift in Sources */,
				C86D024421995EB100D802A3 /* MVPAnimal.m in Sources */,
				C878E590219ACEE600B2B941 /* VIPERAnimal.m in Sources */,
				C8C9D4DF21A2C0E5007E910E /* SWIFTVIPERPresenter.swift in Sources */,
				C8C9D4B221A2A3CC007E910E /* SWIFTMVCAnimal.swift in Sources */,
				C8C9D4D921A2C08E007E910E /* SWIFTVIPERView.swift in Sources */,
				C8C9D4E321A2C10E007E910E /* SWIFTVIPERRouter.swift in Sources */,
				C878E58A219ACEA700B2B941 /* VIPERInteractor.m in Sources */,
				C86D02562199682900D802A3 /* MVVMView.m in Sources */,
				C8D7CB5621A26B8700588FA7 /* MVCAnimal.m in Sources */,
				C8C9D4C121A2AA87007E910E /* SWIFTMVVMView.swift in Sources */,
				C8D7CB6321A26E1200588FA7 /* SWIFTCocoaMVCView.swift in Sources */,
				C878E593219ACEFC00B2B941 /* VIPERRouter.m in Sources */,
				C8C9D4CF21A2B867007E910E /* SWIFTMVPViewController.swift in Sources */,
				C8C9D4B421A2A445007E910E /* SWIFTMVCView.swift in Sources */,
			);
			runOnlyForDeploymentPostprocessing = 0;
		};
		C86D01FA219929C900D802A3 /* Sources */ = {
			isa = PBXSourcesBuildPhase;
			buildActionMask = 2147483647;
			files = (
				C86D0203219929C900D802A3 /* ______Tests.m in Sources */,
			);
			runOnlyForDeploymentPostprocessing = 0;
		};
		C86D0205219929C900D802A3 /* Sources */ = {
			isa = PBXSourcesBuildPhase;
			buildActionMask = 2147483647;
			files = (
				C86D020E219929C900D802A3 /* ______UITests.m in Sources */,
			);
			runOnlyForDeploymentPostprocessing = 0;
		};
/* End PBXSourcesBuildPhase section */

/* Begin PBXTargetDependency section */
		C86D0200219929C900D802A3 /* PBXTargetDependency */ = {
			isa = PBXTargetDependency;
			target = C86D01E5219929C700D802A3 /* 架构模式学习 */;
			targetProxy = C86D01FF219929C900D802A3 /* PBXContainerItemProxy */;
		};
		C86D020B219929C900D802A3 /* PBXTargetDependency */ = {
			isa = PBXTargetDependency;
			target = C86D01E5219929C700D802A3 /* 架构模式学习 */;
			targetProxy = C86D020A219929C900D802A3 /* PBXContainerItemProxy */;
		};
/* End PBXTargetDependency section */

/* Begin PBXVariantGroup section */
		C86D01EF219929C700D802A3 /* Main.storyboard */ = {
			isa = PBXVariantGroup;
			children = (
				C86D01F0219929C700D802A3 /* Base */,
			);
			name = Main.storyboard;
			sourceTree = "<group>";
		};
		C86D01F4219929C900D802A3 /* LaunchScreen.storyboard */ = {
			isa = PBXVariantGroup;
			children = (
				C86D01F5219929C900D802A3 /* Base */,
			);
			name = LaunchScreen.storyboard;
			sourceTree = "<group>";
		};
/* End PBXVariantGroup section */

/* Begin XCBuildConfiguration section */
		C86D0210219929C900D802A3 /* Debug */ = {
			isa = XCBuildConfiguration;
			buildSettings = {
				ALWAYS_SEARCH_USER_PATHS = NO;
				CLANG_ANALYZER_NONNULL = YES;
				CLANG_ANALYZER_NUMBER_OBJECT_CONVERSION = YES_AGGRESSIVE;
				CLANG_CXX_LANGUAGE_STANDARD = "gnu++14";
				CLANG_CXX_LIBRARY = "libc++";
				CLANG_ENABLE_MODULES = YES;
				CLANG_ENABLE_OBJC_ARC = YES;
				CLANG_ENABLE_OBJC_WEAK = YES;
				CLANG_WARN_BLOCK_CAPTURE_AUTORELEASING = YES;
				CLANG_WARN_BOOL_CONVERSION = YES;
				CLANG_WARN_COMMA = YES;
				CLANG_WARN_CONSTANT_CONVERSION = YES;
				CLANG_WARN_DEPRECATED_OBJC_IMPLEMENTATIONS = YES;
				CLANG_WARN_DIRECT_OBJC_ISA_USAGE = YES_ERROR;
				CLANG_WARN_DOCUMENTATION_COMMENTS = YES;
				CLANG_WARN_EMPTY_BODY = YES;
				CLANG_WARN_ENUM_CONVERSION = YES;
				CLANG_WARN_INFINITE_RECURSION = YES;
				CLANG_WARN_INT_CONVERSION = YES;
				CLANG_WARN_NON_LITERAL_NULL_CONVERSION = YES;
				CLANG_WARN_OBJC_IMPLICIT_RETAIN_SELF = YES;
				CLANG_WARN_OBJC_LITERAL_CONVERSION = YES;
				CLANG_WARN_OBJC_ROOT_CLASS = YES_ERROR;
				CLANG_WARN_RANGE_LOOP_ANALYSIS = YES;
				CLANG_WARN_STRICT_PROTOTYPES = YES;
				CLANG_WARN_SUSPICIOUS_MOVE = YES;
				CLANG_WARN_UNGUARDED_AVAILABILITY = YES_AGGRESSIVE;
				CLANG_WARN_UNREACHABLE_CODE = YES;
				CLANG_WARN__DUPLICATE_METHOD_MATCH = YES;
				CODE_SIGN_IDENTITY = "iPhone Developer";
				COPY_PHASE_STRIP = NO;
				DEBUG_INFORMATION_FORMAT = dwarf;
				ENABLE_STRICT_OBJC_MSGSEND = YES;
				ENABLE_TESTABILITY = YES;
				GCC_C_LANGUAGE_STANDARD = gnu11;
				GCC_DYNAMIC_NO_PIC = NO;
				GCC_NO_COMMON_BLOCKS = YES;
				GCC_OPTIMIZATION_LEVEL = 0;
				GCC_PREPROCESSOR_DEFINITIONS = (
					"DEBUG=1",
					"$(inherited)",
				);
				GCC_WARN_64_TO_32_BIT_CONVERSION = YES;
				GCC_WARN_ABOUT_RETURN_TYPE = YES_ERROR;
				GCC_WARN_UNDECLARED_SELECTOR = YES;
				GCC_WARN_UNINITIALIZED_AUTOS = YES_AGGRESSIVE;
				GCC_WARN_UNUSED_FUNCTION = YES;
				GCC_WARN_UNUSED_VARIABLE = YES;
				IPHONEOS_DEPLOYMENT_TARGET = 12.0;
				MTL_ENABLE_DEBUG_INFO = INCLUDE_SOURCE;
				MTL_FAST_MATH = YES;
				ONLY_ACTIVE_ARCH = YES;
				SDKROOT = iphoneos;
			};
			name = Debug;
		};
		C86D0211219929C900D802A3 /* Release */ = {
			isa = XCBuildConfiguration;
			buildSettings = {
				ALWAYS_SEARCH_USER_PATHS = NO;
				CLANG_ANALYZER_NONNULL = YES;
				CLANG_ANALYZER_NUMBER_OBJECT_CONVERSION = YES_AGGRESSIVE;
				CLANG_CXX_LANGUAGE_STANDARD = "gnu++14";
				CLANG_CXX_LIBRARY = "libc++";
				CLANG_ENABLE_MODULES = YES;
				CLANG_ENABLE_OBJC_ARC = YES;
				CLANG_ENABLE_OBJC_WEAK = YES;
				CLANG_WARN_BLOCK_CAPTURE_AUTORELEASING = YES;
				CLANG_WARN_BOOL_CONVERSION = YES;
				CLANG_WARN_COMMA = YES;
				CLANG_WARN_CONSTANT_CONVERSION = YES;
				CLANG_WARN_DEPRECATED_OBJC_IMPLEMENTATIONS = YES;
				CLANG_WARN_DIRECT_OBJC_ISA_USAGE = YES_ERROR;
				CLANG_WARN_DOCUMENTATION_COMMENTS = YES;
				CLANG_WARN_EMPTY_BODY = YES;
				CLANG_WARN_ENUM_CONVERSION = YES;
				CLANG_WARN_INFINITE_RECURSION = YES;
				CLANG_WARN_INT_CONVERSION = YES;
				CLANG_WARN_NON_LITERAL_NULL_CONVERSION = YES;
				CLANG_WARN_OBJC_IMPLICIT_RETAIN_SELF = YES;
				CLANG_WARN_OBJC_LITERAL_CONVERSION = YES;
				CLANG_WARN_OBJC_ROOT_CLASS = YES_ERROR;
				CLANG_WARN_RANGE_LOOP_ANALYSIS = YES;
				CLANG_WARN_STRICT_PROTOTYPES = YES;
				CLANG_WARN_SUSPICIOUS_MOVE = YES;
				CLANG_WARN_UNGUARDED_AVAILABILITY = YES_AGGRESSIVE;
				CLANG_WARN_UNREACHABLE_CODE = YES;
				CLANG_WARN__DUPLICATE_METHOD_MATCH = YES;
				CODE_SIGN_IDENTITY = "iPhone Developer";
				COPY_PHASE_STRIP = NO;
				DEBUG_INFORMATION_FORMAT = "dwarf-with-dsym";
				ENABLE_NS_ASSERTIONS = NO;
				ENABLE_STRICT_OBJC_MSGSEND = YES;
				GCC_C_LANGUAGE_STANDARD = gnu11;
				GCC_NO_COMMON_BLOCKS = YES;
				GCC_WARN_64_TO_32_BIT_CONVERSION = YES;
				GCC_WARN_ABOUT_RETURN_TYPE = YES_ERROR;
				GCC_WARN_UNDECLARED_SELECTOR = YES;
				GCC_WARN_UNINITIALIZED_AUTOS = YES_AGGRESSIVE;
				GCC_WARN_UNUSED_FUNCTION = YES;
				GCC_WARN_UNUSED_VARIABLE = YES;
				IPHONEOS_DEPLOYMENT_TARGET = 12.0;
				MTL_ENABLE_DEBUG_INFO = NO;
				MTL_FAST_MATH = YES;
				SDKROOT = iphoneos;
				VALIDATE_PRODUCT = YES;
			};
			name = Release;
		};
		C86D0213219929C900D802A3 /* Debug */ = {
			isa = XCBuildConfiguration;
			buildSettings = {
				ASSETCATALOG_COMPILER_APPICON_NAME = AppIcon;
				CLANG_ENABLE_MODULES = YES;
				CODE_SIGN_STYLE = Automatic;
				DEFINES_MODULE = YES;
				DEVELOPMENT_TEAM = BAYJ95XXAW;
				INFOPLIST_FILE = "架构模式学习/Info.plist";
				LD_RUNPATH_SEARCH_PATHS = (
					"$(inherited)",
					"@executable_path/Frameworks",
				);
				PRODUCT_BUNDLE_IDENTIFIER = "com.meanmouse.------";
				PRODUCT_NAME = "$(TARGET_NAME)";
				SWIFT_OBJC_BRIDGING_HEADER = "架构模式学习/swift/架构模式学习-Bridging-Header.h";
				SWIFT_OPTIMIZATION_LEVEL = "-Onone";
				SWIFT_VERSION = 4.2;
				TARGETED_DEVICE_FAMILY = "1,2";
			};
			name = Debug;
		};
		C86D0214219929C900D802A3 /* Release */ = {
			isa = XCBuildConfiguration;
			buildSettings = {
				ASSETCATALOG_COMPILER_APPICON_NAME = AppIcon;
				CLANG_ENABLE_MODULES = YES;
				CODE_SIGN_STYLE = Automatic;
				DEFINES_MODULE = YES;
				DEVELOPMENT_TEAM = BAYJ95XXAW;
				INFOPLIST_FILE = "架构模式学习/Info.plist";
				LD_RUNPATH_SEARCH_PATHS = (
					"$(inherited)",
					"@executable_path/Frameworks",
				);
				PRODUCT_BUNDLE_IDENTIFIER = "com.meanmouse.------";
				PRODUCT_NAME = "$(TARGET_NAME)";
				SWIFT_OBJC_BRIDGING_HEADER = "架构模式学习/swift/架构模式学习-Bridging-Header.h";
				SWIFT_VERSION = 4.2;
				TARGETED_DEVICE_FAMILY = "1,2";
			};
			name = Release;
		};
		C86D0216219929C900D802A3 /* Debug */ = {
			isa = XCBuildConfiguration;
			buildSettings = {
				ALWAYS_EMBED_SWIFT_STANDARD_LIBRARIES = YES;
				BUNDLE_LOADER = "$(TEST_HOST)";
				CODE_SIGN_STYLE = Automatic;
				DEVELOPMENT_TEAM = BAYJ95XXAW;
				INFOPLIST_FILE = "架构模式学习Tests/Info.plist";
				LD_RUNPATH_SEARCH_PATHS = (
					"$(inherited)",
					"@executable_path/Frameworks",
					"@loader_path/Frameworks",
				);
				PRODUCT_BUNDLE_IDENTIFIER = "com.meanmouse.------Tests";
				PRODUCT_NAME = "$(TARGET_NAME)";
				TARGETED_DEVICE_FAMILY = "1,2";
				TEST_HOST = "$(BUILT_PRODUCTS_DIR)/架构模式学习.app/架构模式学习";
			};
			name = Debug;
		};
		C86D0217219929C900D802A3 /* Release */ = {
			isa = XCBuildConfiguration;
			buildSettings = {
				ALWAYS_EMBED_SWIFT_STANDARD_LIBRARIES = YES;
				BUNDLE_LOADER = "$(TEST_HOST)";
				CODE_SIGN_STYLE = Automatic;
				DEVELOPMENT_TEAM = BAYJ95XXAW;
				INFOPLIST_FILE = "架构模式学习Tests/Info.plist";
				LD_RUNPATH_SEARCH_PATHS = (
					"$(inherited)",
					"@executable_path/Frameworks",
					"@loader_path/Frameworks",
				);
				PRODUCT_BUNDLE_IDENTIFIER = "com.meanmouse.------Tests";
				PRODUCT_NAME = "$(TARGET_NAME)";
				TARGETED_DEVICE_FAMILY = "1,2";
				TEST_HOST = "$(BUILT_PRODUCTS_DIR)/架构模式学习.app/架构模式学习";
			};
			name = Release;
		};
		C86D0219219929C900D802A3 /* Debug */ = {
			isa = XCBuildConfiguration;
			buildSettings = {
				ALWAYS_EMBED_SWIFT_STANDARD_LIBRARIES = YES;
				CODE_SIGN_STYLE = Automatic;
				DEVELOPMENT_TEAM = BAYJ95XXAW;
				INFOPLIST_FILE = "架构模式学习UITests/Info.plist";
				LD_RUNPATH_SEARCH_PATHS = (
					"$(inherited)",
					"@executable_path/Frameworks",
					"@loader_path/Frameworks",
				);
				PRODUCT_BUNDLE_IDENTIFIER = "com.meanmouse.------UITests";
				PRODUCT_NAME = "$(TARGET_NAME)";
				TARGETED_DEVICE_FAMILY = "1,2";
				TEST_TARGET_NAME = "架构模式学习";
			};
			name = Debug;
		};
		C86D021A219929C900D802A3 /* Release */ = {
			isa = XCBuildConfiguration;
			buildSettings = {
				ALWAYS_EMBED_SWIFT_STANDARD_LIBRARIES = YES;
				CODE_SIGN_STYLE = Automatic;
				DEVELOPMENT_TEAM = BAYJ95XXAW;
				INFOPLIST_FILE = "架构模式学习UITests/Info.plist";
				LD_RUNPATH_SEARCH_PATHS = (
					"$(inherited)",
					"@executable_path/Frameworks",
					"@loader_path/Frameworks",
				);
				PRODUCT_BUNDLE_IDENTIFIER = "com.meanmouse.------UITests";
				PRODUCT_NAME = "$(TARGET_NAME)";
				TARGETED_DEVICE_FAMILY = "1,2";
				TEST_TARGET_NAME = "架构模式学习";
			};
			name = Release;
		};
/* End XCBuildConfiguration section */

/* Begin XCConfigurationList section */
		C86D01E1219929C700D802A3 /* Build configuration list for PBXProject "架构模式学习" */ = {
			isa = XCConfigurationList;
			buildConfigurations = (
				C86D0210219929C900D802A3 /* Debug */,
				C86D0211219929C900D802A3 /* Release */,
			);
			defaultConfigurationIsVisible = 0;
			defaultConfigurationName = Release;
		};
		C86D0212219929C900D802A3 /* Build configuration list for PBXNativeTarget "架构模式学习" */ = {
			isa = XCConfigurationList;
			buildConfigurations = (
				C86D0213219929C900D802A3 /* Debug */,
				C86D0214219929C900D802A3 /* Release */,
			);
			defaultConfigurationIsVisible = 0;
			defaultConfigurationName = Release;
		};
		C86D0215219929C900D802A3 /* Build configuration list for PBXNativeTarget "架构模式学习Tests" */ = {
			isa = XCConfigurationList;
			buildConfigurations = (
				C86D0216219929C900D802A3 /* Debug */,
				C86D0217219929C900D802A3 /* Release */,
			);
			defaultConfigurationIsVisible = 0;
			defaultConfigurationName = Release;
		};
		C86D0218219929C900D802A3 /* Build configuration list for PBXNativeTarget "架构模式学习UITests" */ = {
			isa = XCConfigurationList;
			buildConfigurations = (
				C86D0219219929C900D802A3 /* Debug */,
				C86D021A219929C900D802A3 /* Release */,
			);
			defaultConfigurationIsVisible = 0;
			defaultConfigurationName = Release;
		};
/* End XCConfigurationList section */
	};
	rootObject = C86D01DE219929C700D802A3 /* Project object */;
}
